
Microsoft Visual Studio Solution File, Format Version 12.00
# Visual Studio Version 16
VisualStudioVersion = 16.0.31613.86
MinimumVisualStudioVersion = 10.0.40219.1
Project("{FAE04EC0-301F-11D3-BF4B-00C04F79EFBC}") = "HomeworkWeek12", "HomeworkWeek12\HomeworkWeek12.csproj", "{B94CB270-4B93-4F4A-A926-82B161C30E60}"
EndProject
Global
	GlobalSection(SolutionConfigurationPlatforms) = preSolution
		Debug|Any CPU = Debug|Any CPU
		Release|Any CPU = Release|Any CPU
	EndGlobalSection
	GlobalSection(ProjectConfigurationPlatforms) = postSolution
		{B94CB270-4B93-4F4A-A926-82B161C30E60}.Debug|Any CPU.ActiveCfg = Debug|Any CPU
		{B94CB270-4B93-4F4A-A926-82B161C30E60}.Debug|Any CPU.Build.0 = Debug|Any CPU
		{B94CB270-4B93-4F4A-A926-82B161C30E60}.Release|Any CPU.ActiveCfg = Release|Any CPU
		{B94CB270-4B93-4F4A-A926-82B161C30E60}.Release|Any CPU.Build.0 = Release|Any CPU
	EndGlobalSection
	GlobalSection(SolutionProperties) = preSolution
		HideSolutionNode = FALSE
	EndGlobalSection
	GlobalSection(ExtensibilityGlobals) = postSolution
		SolutionGuid = {B59A453B-2E0E-4AA2-B89C-DB0A570C417B}
	EndGlobalSection
EndGlobal
